
Microsoft Visual Studio Solution File, Format Version 12.00
# Visual Studio Version 16
VisualStudioVersion = 16.0.31605.320
MinimumVisualStudioVersion = 10.0.40219.1
Project("{FAE04EC0-301F-11D3-BF4B-00C04F79EFBC}") = "HW 4.3", "HW 4.3.csproj", "{5E8B93BF-577B-4E84-9B6D-F3026DE44144}"
EndProject
Global
	GlobalSection(SolutionConfigurationPlatforms) = preSolution
		Debug|Any CPU = Debug|Any CPU
		Release|Any CPU = Release|Any CPU
	EndGlobalSection
	GlobalSection(ProjectConfigurationPlatforms) = postSolution
		{5E8B93BF-577B-4E84-9B6D-F3026DE44144}.Debug|Any CPU.ActiveCfg = Debug|Any CPU
		{5E8B93BF-577B-4E84-9B6D-F3026DE44144}.Debug|Any CPU.Build.0 = Debug|Any CPU
		{5E8B93BF-577B-4E84-9B6D-F3026DE44144}.Release|Any CPU.ActiveCfg = Release|Any CPU
		{5E8B93BF-577B-4E84-9B6D-F3026DE44144}.Release|Any CPU.Build.0 = Release|Any CPU
	EndGlobalSection
	GlobalSection(SolutionProperties) = preSolution
		HideSolutionNode = FALSE
	EndGlobalSection
	GlobalSection(ExtensibilityGlobals) = postSolution
		SolutionGuid = {F94EC59D-E8E6-4EAB-AE4D-50B2758BF097}
	EndGlobalSection
EndGlobal
